// !$*UTF8*$!
{
	archiveVersion = 1;
	classes = {
	};
	objectVersion = 46;
	objects = {

/* Begin PBXBuildFile section */
		07E497747F7D15BA5D209B5E /* libPods.a in Frameworks */ = {isa = PBXBuildFile; fileRef = 39EA6D112DF10EA65BC5006F /* libPods.a */; };
		2718AA241AA10DB000F4938C /* MLRotationTabBarController.m in Sources */ = {isa = PBXBuildFile; fileRef = 2718AA231AA10DB000F4938C /* MLRotationTabBarController.m */; };
		2718AA271AA1150600F4938C /* MLRotationSwitchViewController.m in Sources */ = {isa = PBXBuildFile; fileRef = 2718AA261AA1150600F4938C /* MLRotationSwitchViewController.m */; };
		27251AD91ABEFBAB004C1743 /* MLLoadingTableViewCell.m in Sources */ = {isa = PBXBuildFile; fileRef = 27251AD81ABEFBAB004C1743 /* MLLoadingTableViewCell.m */; };
		27251ADD1ABF547B004C1743 /* MLLoadToken.m in Sources */ = {isa = PBXBuildFile; fileRef = 27251ADC1ABF547B004C1743 /* MLLoadToken.m */; };
		27251AE01ABF5D80004C1743 /* MLLoadableContent.m in Sources */ = {isa = PBXBuildFile; fileRef = 27251ADF1ABF5D80004C1743 /* MLLoadableContent.m */; };
		2743419B1AAE1E3D002AD9B5 /* MLCollectionListController.m in Sources */ = {isa = PBXBuildFile; fileRef = 2743419A1AAE1E3D002AD9B5 /* MLCollectionListController.m */; };
		2743419E1AAE1F58002AD9B5 /* MLBaseResultsController.m in Sources */ = {isa = PBXBuildFile; fileRef = 2743419D1AAE1F58002AD9B5 /* MLBaseResultsController.m */; };
		2755E7301AD731C500A9DFE3 /* MLOperation.m in Sources */ = {isa = PBXBuildFile; fileRef = 2755E72F1AD731C500A9DFE3 /* MLOperation.m */; };
		2755E7331AD749A700A9DFE3 /* MLBlockOperation.m in Sources */ = {isa = PBXBuildFile; fileRef = 2755E7321AD749A700A9DFE3 /* MLBlockOperation.m */; };
		2755E7361AD752BF00A9DFE3 /* MLAsynchronousOperation.m in Sources */ = {isa = PBXBuildFile; fileRef = 2755E7351AD752BF00A9DFE3 /* MLAsynchronousOperation.m */; };
		275646831A96A35C00D1847A /* MLRotationViewController.m in Sources */ = {isa = PBXBuildFile; fileRef = 275646821A96A35C00D1847A /* MLRotationViewController.m */; };
		276CA85F1AC0D936002A90B3 /* MLLoadableViewController.m in Sources */ = {isa = PBXBuildFile; fileRef = 276CA85E1AC0D936002A90B3 /* MLLoadableViewController.m */; };
		276CA8621AC0DF54002A90B3 /* MLLoadableTableViewController.m in Sources */ = {isa = PBXBuildFile; fileRef = 276CA8611AC0DF54002A90B3 /* MLLoadableTableViewController.m */; };
		276CA8651AC0DF73002A90B3 /* MLLoadableSettingsViewController.m in Sources */ = {isa = PBXBuildFile; fileRef = 276CA8641AC0DF73002A90B3 /* MLLoadableSettingsViewController.m */; };
		276CA8681AC0DF95002A90B3 /* MLLoadableCollectionViewController.m in Sources */ = {isa = PBXBuildFile; fileRef = 276CA8671AC0DF95002A90B3 /* MLLoadableCollectionViewController.m */; };
		27709B251AC82C5800F3D29C /* MLArrayTableViewController.m in Sources */ = {isa = PBXBuildFile; fileRef = 27709B241AC82C5800F3D29C /* MLArrayTableViewController.m */; };
		27709B281AC82C7800F3D29C /* MLFetchedTableViewController.m in Sources */ = {isa = PBXBuildFile; fileRef = 27709B271AC82C7800F3D29C /* MLFetchedTableViewController.m */; };
		27709B2B1AC82E8200F3D29C /* MLArrayCollectionViewController.m in Sources */ = {isa = PBXBuildFile; fileRef = 27709B2A1AC82E8200F3D29C /* MLArrayCollectionViewController.m */; };
		27709B2E1AC82E9C00F3D29C /* MLFetchedCollectionViewController.m in Sources */ = {isa = PBXBuildFile; fileRef = 27709B2D1AC82E9C00F3D29C /* MLFetchedCollectionViewController.m */; };
		27709B321AC8349700F3D29C /* DataModel.xcdatamodeld in Sources */ = {isa = PBXBuildFile; fileRef = 27709B301AC8349700F3D29C /* DataModel.xcdatamodeld */; };
		277808C41AAB1D2100D4C410 /* MLUniformFlowLayout.m in Sources */ = {isa = PBXBuildFile; fileRef = 277808C31AAB1D2100D4C410 /* MLUniformFlowLayout.m */; };
		277808C71AAB261C00D4C410 /* MLContactsCollectionViewController.m in Sources */ = {isa = PBXBuildFile; fileRef = 277808C61AAB261C00D4C410 /* MLContactsCollectionViewController.m */; };
		277808CA1AAB28A600D4C410 /* MLContactCollectionViewCell.m in Sources */ = {isa = PBXBuildFile; fileRef = 277808C91AAB28A600D4C410 /* MLContactCollectionViewCell.m */; };
		278377661A20B7B400C29996 /* Foundation.framework in Frameworks */ = {isa = PBXBuildFile; fileRef = 278377651A20B7B400C29996 /* Foundation.framework */; };
		278377681A20B7B400C29996 /* UIKit.framework in Frameworks */ = {isa = PBXBuildFile; fileRef = 278377671A20B7B400C29996 /* UIKit.framework */; };
		2783776A1A20B7B400C29996 /* CoreData.framework in Frameworks */ = {isa = PBXBuildFile; fileRef = 278377691A20B7B400C29996 /* CoreData.framework */; };
		278377701A20B7B400C29996 /* InfoPlist.strings in Resources */ = {isa = PBXBuildFile; fileRef = 2783776E1A20B7B400C29996 /* InfoPlist.strings */; };
		278377721A20B7B400C29996 /* main.m in Sources */ = {isa = PBXBuildFile; fileRef = 278377711A20B7B400C29996 /* main.m */; };
		2783777C1A20B7B400C29996 /* MLConstants.m in Sources */ = {isa = PBXBuildFile; fileRef = 2783777B1A20B7B400C29996 /* MLConstants.m */; };
		278377801A20B7B400C29996 /* MLViewController.m in Sources */ = {isa = PBXBuildFile; fileRef = 2783777F1A20B7B400C29996 /* MLViewController.m */; };
		278377831A20B7B400C29996 /* MLTableViewController.m in Sources */ = {isa = PBXBuildFile; fileRef = 278377821A20B7B400C29996 /* MLTableViewController.m */; };
		278377861A20B7B400C29996 /* MLCollectionViewController.m in Sources */ = {isa = PBXBuildFile; fileRef = 278377851A20B7B400C29996 /* MLCollectionViewController.m */; };
		278377891A20B7B400C29996 /* MLNavigationController.m in Sources */ = {isa = PBXBuildFile; fileRef = 278377881A20B7B400C29996 /* MLNavigationController.m */; };
		2783778D1A20B7B400C29996 /* MLTableViewCell.m in Sources */ = {isa = PBXBuildFile; fileRef = 2783778C1A20B7B400C29996 /* MLTableViewCell.m */; };
		278377911A20B7B400C29996 /* MLCollectionViewCell.m in Sources */ = {isa = PBXBuildFile; fileRef = 278377901A20B7B400C29996 /* MLCollectionViewCell.m */; };
		2783779D1A20B7B400C29996 /* MLSwitchViewController.m in Sources */ = {isa = PBXBuildFile; fileRef = 2783779C1A20B7B400C29996 /* MLSwitchViewController.m */; };
		278377A01A20B7B400C29996 /* MLAppDelegate.m in Sources */ = {isa = PBXBuildFile; fileRef = 2783779F1A20B7B400C29996 /* MLAppDelegate.m */; };
		278377A71A20B7D400C29996 /* Images.xcassets in Resources */ = {isa = PBXBuildFile; fileRef = 278377A61A20B7D400C29996 /* Images.xcassets */; };
		278377AF1A20B95B00C29996 /* MLTabBarController.m in Sources */ = {isa = PBXBuildFile; fileRef = 278377AE1A20B95B00C29996 /* MLTabBarController.m */; };
		278377B21A20BA8F00C29996 /* MLPageViewController.m in Sources */ = {isa = PBXBuildFile; fileRef = 278377B11A20BA8F00C29996 /* MLPageViewController.m */; };
		278377B51A20BAB200C29996 /* MLSplitViewController.m in Sources */ = {isa = PBXBuildFile; fileRef = 278377B41A20BAB200C29996 /* MLSplitViewController.m */; };
		278377BB1A20BB7400C29996 /* MLMainTableViewController.m in Sources */ = {isa = PBXBuildFile; fileRef = 278377BA1A20BB7400C29996 /* MLMainTableViewController.m */; };
		278377C01A20C51600C29996 /* MLCustomTableViewController.m in Sources */ = {isa = PBXBuildFile; fileRef = 278377BF1A20C51600C29996 /* MLCustomTableViewController.m */; };
		278377C31A20C58300C29996 /* MLCustomCollectionViewController.m in Sources */ = {isa = PBXBuildFile; fileRef = 278377C21A20C58300C29996 /* MLCustomCollectionViewController.m */; };
		278377C61A20C5B300C29996 /* MLCustomViewController.m in Sources */ = {isa = PBXBuildFile; fileRef = 278377C51A20C5B300C29996 /* MLCustomViewController.m */; };
		278377CA1A20D64600C29996 /* MLCollectionViewStickyLayout.m in Sources */ = {isa = PBXBuildFile; fileRef = 278377C91A20D64600C29996 /* MLCollectionViewStickyLayout.m */; };
		278377CE1A20E35200C29996 /* MLLayoutViewController.m in Sources */ = {isa = PBXBuildFile; fileRef = 278377CD1A20E35200C29996 /* MLLayoutViewController.m */; };
		278377D41A20ECE800C29996 /* MLCustomCollectionViewCell.m in Sources */ = {isa = PBXBuildFile; fileRef = 278377D31A20ECE800C29996 /* MLCustomCollectionViewCell.m */; };
		278377D81A20F1F500C29996 /* MLCollectionReusableView.m in Sources */ = {isa = PBXBuildFile; fileRef = 278377D71A20F1F500C29996 /* MLCollectionReusableView.m */; };
		278377DB1A20F6D800C29996 /* MLCustomCollectionReusableView.m in Sources */ = {isa = PBXBuildFile; fileRef = 278377DA1A20F6D800C29996 /* MLCustomCollectionReusableView.m */; };
		279164A21AC21C59002439F2 /* MLLoadingCollectionViewCell.m in Sources */ = {isa = PBXBuildFile; fileRef = 279164A11AC21C59002439F2 /* MLLoadingCollectionViewCell.m */; };
		27AEDEC01ABA13C700E018EE /* MLStateMachine.m in Sources */ = {isa = PBXBuildFile; fileRef = 27AEDEBF1ABA13C700E018EE /* MLStateMachine.m */; };
		27B7FA131AAB9A040062430E /* MLTableViewDataSource.m in Sources */ = {isa = PBXBuildFile; fileRef = 27B7FA121AAB9A040062430E /* MLTableViewDataSource.m */; };
		27B7FA161AAB9A180062430E /* MLCollectionViewDataSource.m in Sources */ = {isa = PBXBuildFile; fileRef = 27B7FA151AAB9A180062430E /* MLCollectionViewDataSource.m */; };
		27B7FA1B1AABC3530062430E /* MLFetchedResultsController.m in Sources */ = {isa = PBXBuildFile; fileRef = 27B7FA1A1AABC3530062430E /* MLFetchedResultsController.m */; };
		27D7EB731AC83544007024AA /* MLEventEntity.m in Sources */ = {isa = PBXBuildFile; fileRef = 27D7EB721AC83544007024AA /* MLEventEntity.m */; };
		27D7EB771AC83B7C007024AA /* MLDataStack.m in Sources */ = {isa = PBXBuildFile; fileRef = 27D7EB761AC83B7C007024AA /* MLDataStack.m */; };
		27D8B0F01ACB1EE6003EFCEB /* MLButtonCollectionViewCell.m in Sources */ = {isa = PBXBuildFile; fileRef = 27D8B0EF1ACB1EE6003EFCEB /* MLButtonCollectionViewCell.m */; };
		27E2E7991ACB258100EA2DFF /* UIImage+MLColors.m in Sources */ = {isa = PBXBuildFile; fileRef = 27E2E7981ACB258100EA2DFF /* UIImage+MLColors.m */; };
		27E2E79C1ACB27BB00EA2DFF /* MLCollectionViewFlowLayout.m in Sources */ = {isa = PBXBuildFile; fileRef = 27E2E79B1ACB27BB00EA2DFF /* MLCollectionViewFlowLayout.m */; };
		27E36EE91AD7F67400C7B984 /* MLOperation.m in Sources */ = {isa = PBXBuildFile; fileRef = 2755E72F1AD731C500A9DFE3 /* MLOperation.m */; };
		27E36EEA1AD7F67900C7B984 /* MLAsynchronousOperation.m in Sources */ = {isa = PBXBuildFile; fileRef = 2755E7351AD752BF00A9DFE3 /* MLAsynchronousOperation.m */; };
		27E36EEB1AD7F67E00C7B984 /* MLBlockOperation.m in Sources */ = {isa = PBXBuildFile; fileRef = 2755E7321AD749A700A9DFE3 /* MLBlockOperation.m */; };
		27E36EEC1AD7F71F00C7B984 /* UIKit.framework in Frameworks */ = {isa = PBXBuildFile; fileRef = 278377671A20B7B400C29996 /* UIKit.framework */; };
		27E36EED1AD7F72600C7B984 /* Foundation.framework in Frameworks */ = {isa = PBXBuildFile; fileRef = 278377651A20B7B400C29996 /* Foundation.framework */; };
		27E36EEF1AD7F78D00C7B984 /* MLOperationTestCase.m in Sources */ = {isa = PBXBuildFile; fileRef = 27E36EEE1AD7F78D00C7B984 /* MLOperationTestCase.m */; };
		AA66372A1ADD30F6000D3BB4 /* MLCenterViewController.m in Sources */ = {isa = PBXBuildFile; fileRef = AA6637291ADD30F6000D3BB4 /* MLCenterViewController.m */; };
		AA66372C1ADD323D000D3BB4 /* MLCenterViewController.xib in Resources */ = {isa = PBXBuildFile; fileRef = AA66372B1ADD323D000D3BB4 /* MLCenterViewController.xib */; };
		AA66372F1ADD33AE000D3BB4 /* MLCenterView.m in Sources */ = {isa = PBXBuildFile; fileRef = AA66372E1ADD33AE000D3BB4 /* MLCenterView.m */; };
		AA6BCE9A1ACEBFCE00AD0E81 /* MLObserversManager.m in Sources */ = {isa = PBXBuildFile; fileRef = AA6BCE991ACEBFCE00AD0E81 /* MLObserversManager.m */; };
		AAA780F11A25C4A100E2E295 /* UINavigationController+MLCustomConfiguration.m in Sources */ = {isa = PBXBuildFile; fileRef = AAA780F01A25C4A100E2E295 /* UINavigationController+MLCustomConfiguration.m */; };
		AAA780F71A25EC2500E2E295 /* MLContactTableViewCell.m in Sources */ = {isa = PBXBuildFile; fileRef = AAA780F61A25EC2500E2E295 /* MLContactTableViewCell.m */; };
		AAA780F91A25F21900E2E295 /* Contacts.json in Resources */ = {isa = PBXBuildFile; fileRef = AAA780F81A25F21900E2E295 /* Contacts.json */; };
		AAA780FD1A25F28D00E2E295 /* MLContactsTableViewController.m in Sources */ = {isa = PBXBuildFile; fileRef = AAA780FC1A25F28D00E2E295 /* MLContactsTableViewController.m */; };
/* End PBXBuildFile section */

/* Begin PBXFileReference section */
		1C679E83FE33288317C35094 /* Pods.debug.xcconfig */ = {isa = PBXFileReference; includeInIndex = 1; lastKnownFileType = text.xcconfig; name = Pods.debug.xcconfig; path = "../Pods/Target Support Files/Pods/Pods.debug.xcconfig"; sourceTree = "<group>"; };
		2718AA221AA10DB000F4938C /* MLRotationTabBarController.h */ = {isa = PBXFileReference; fileEncoding = 4; lastKnownFileType = sourcecode.c.h; path = MLRotationTabBarController.h; sourceTree = "<group>"; };
		2718AA231AA10DB000F4938C /* MLRotationTabBarController.m */ = {isa = PBXFileReference; fileEncoding = 4; lastKnownFileType = sourcecode.c.objc; path = MLRotationTabBarController.m; sourceTree = "<group>"; };
		2718AA251AA1150600F4938C /* MLRotationSwitchViewController.h */ = {isa = PBXFileReference; fileEncoding = 4; lastKnownFileType = sourcecode.c.h; path = MLRotationSwitchViewController.h; sourceTree = "<group>"; };
		2718AA261AA1150600F4938C /* MLRotationSwitchViewController.m */ = {isa = PBXFileReference; fileEncoding = 4; lastKnownFileType = sourcecode.c.objc; path = MLRotationSwitchViewController.m; sourceTree = "<group>"; };
		27251AD71ABEFBAB004C1743 /* MLLoadingTableViewCell.h */ = {isa = PBXFileReference; fileEncoding = 4; lastKnownFileType = sourcecode.c.h; path = MLLoadingTableViewCell.h; sourceTree = "<group>"; };
		27251AD81ABEFBAB004C1743 /* MLLoadingTableViewCell.m */ = {isa = PBXFileReference; fileEncoding = 4; lastKnownFileType = sourcecode.c.objc; path = MLLoadingTableViewCell.m; sourceTree = "<group>"; };
		27251ADB1ABF547B004C1743 /* MLLoadToken.h */ = {isa = PBXFileReference; fileEncoding = 4; lastKnownFileType = sourcecode.c.h; path = MLLoadToken.h; sourceTree = "<group>"; };
		27251ADC1ABF547B004C1743 /* MLLoadToken.m */ = {isa = PBXFileReference; fileEncoding = 4; lastKnownFileType = sourcecode.c.objc; path = MLLoadToken.m; sourceTree = "<group>"; };
		27251ADE1ABF5D80004C1743 /* MLLoadableContent.h */ = {isa = PBXFileReference; fileEncoding = 4; lastKnownFileType = sourcecode.c.h; path = MLLoadableContent.h; sourceTree = "<group>"; };
		27251ADF1ABF5D80004C1743 /* MLLoadableContent.m */ = {isa = PBXFileReference; fileEncoding = 4; lastKnownFileType = sourcecode.c.objc; path = MLLoadableContent.m; sourceTree = "<group>"; };
		274341991AAE1E3D002AD9B5 /* MLCollectionListController.h */ = {isa = PBXFileReference; fileEncoding = 4; lastKnownFileType = sourcecode.c.h; path = MLCollectionListController.h; sourceTree = "<group>"; };
		2743419A1AAE1E3D002AD9B5 /* MLCollectionListController.m */ = {isa = PBXFileReference; fileEncoding = 4; lastKnownFileType = sourcecode.c.objc; path = MLCollectionListController.m; sourceTree = "<group>"; };
		2743419C1AAE1F58002AD9B5 /* MLBaseResultsController.h */ = {isa = PBXFileReference; fileEncoding = 4; lastKnownFileType = sourcecode.c.h; path = MLBaseResultsController.h; sourceTree = "<group>"; };
		2743419D1AAE1F58002AD9B5 /* MLBaseResultsController.m */ = {isa = PBXFileReference; fileEncoding = 4; lastKnownFileType = sourcecode.c.objc; path = MLBaseResultsController.m; sourceTree = "<group>"; };
		2755E72E1AD731C500A9DFE3 /* MLOperation.h */ = {isa = PBXFileReference; fileEncoding = 4; lastKnownFileType = sourcecode.c.h; path = MLOperation.h; sourceTree = "<group>"; };
		2755E72F1AD731C500A9DFE3 /* MLOperation.m */ = {isa = PBXFileReference; fileEncoding = 4; lastKnownFileType = sourcecode.c.objc; path = MLOperation.m; sourceTree = "<group>"; };
		2755E7311AD749A700A9DFE3 /* MLBlockOperation.h */ = {isa = PBXFileReference; fileEncoding = 4; lastKnownFileType = sourcecode.c.h; path = MLBlockOperation.h; sourceTree = "<group>"; };
		2755E7321AD749A700A9DFE3 /* MLBlockOperation.m */ = {isa = PBXFileReference; fileEncoding = 4; lastKnownFileType = sourcecode.c.objc; path = MLBlockOperation.m; sourceTree = "<group>"; };
		2755E7341AD752BF00A9DFE3 /* MLAsynchronousOperation.h */ = {isa = PBXFileReference; fileEncoding = 4; lastKnownFileType = sourcecode.c.h; path = MLAsynchronousOperation.h; sourceTree = "<group>"; };
		2755E7351AD752BF00A9DFE3 /* MLAsynchronousOperation.m */ = {isa = PBXFileReference; fileEncoding = 4; lastKnownFileType = sourcecode.c.objc; path = MLAsynchronousOperation.m; sourceTree = "<group>"; };
		275646811A96A35C00D1847A /* MLRotationViewController.h */ = {isa = PBXFileReference; fileEncoding = 4; lastKnownFileType = sourcecode.c.h; path = MLRotationViewController.h; sourceTree = "<group>"; };
		275646821A96A35C00D1847A /* MLRotationViewController.m */ = {isa = PBXFileReference; fileEncoding = 4; lastKnownFileType = sourcecode.c.objc; path = MLRotationViewController.m; sourceTree = "<group>"; };
		276CA85D1AC0D936002A90B3 /* MLLoadableViewController.h */ = {isa = PBXFileReference; fileEncoding = 4; lastKnownFileType = sourcecode.c.h; path = MLLoadableViewController.h; sourceTree = "<group>"; };
		276CA85E1AC0D936002A90B3 /* MLLoadableViewController.m */ = {isa = PBXFileReference; fileEncoding = 4; lastKnownFileType = sourcecode.c.objc; path = MLLoadableViewController.m; sourceTree = "<group>"; };
		276CA8601AC0DF54002A90B3 /* MLLoadableTableViewController.h */ = {isa = PBXFileReference; fileEncoding = 4; lastKnownFileType = sourcecode.c.h; path = MLLoadableTableViewController.h; sourceTree = "<group>"; };
		276CA8611AC0DF54002A90B3 /* MLLoadableTableViewController.m */ = {isa = PBXFileReference; fileEncoding = 4; lastKnownFileType = sourcecode.c.objc; path = MLLoadableTableViewController.m; sourceTree = "<group>"; };
		276CA8631AC0DF73002A90B3 /* MLLoadableSettingsViewController.h */ = {isa = PBXFileReference; fileEncoding = 4; lastKnownFileType = sourcecode.c.h; path = MLLoadableSettingsViewController.h; sourceTree = "<group>"; };
		276CA8641AC0DF73002A90B3 /* MLLoadableSettingsViewController.m */ = {isa = PBXFileReference; fileEncoding = 4; lastKnownFileType = sourcecode.c.objc; path = MLLoadableSettingsViewController.m; sourceTree = "<group>"; };
		276CA8661AC0DF95002A90B3 /* MLLoadableCollectionViewController.h */ = {isa = PBXFileReference; fileEncoding = 4; lastKnownFileType = sourcecode.c.h; path = MLLoadableCollectionViewController.h; sourceTree = "<group>"; };
		276CA8671AC0DF95002A90B3 /* MLLoadableCollectionViewController.m */ = {isa = PBXFileReference; fileEncoding = 4; lastKnownFileType = sourcecode.c.objc; path = MLLoadableCollectionViewController.m; sourceTree = "<group>"; };
		27709B231AC82C5800F3D29C /* MLArrayTableViewController.h */ = {isa = PBXFileReference; fileEncoding = 4; lastKnownFileType = sourcecode.c.h; path = MLArrayTableViewController.h; sourceTree = "<group>"; };
		27709B241AC82C5800F3D29C /* MLArrayTableViewController.m */ = {isa = PBXFileReference; fileEncoding = 4; lastKnownFileType = sourcecode.c.objc; path = MLArrayTableViewController.m; sourceTree = "<group>"; };
		27709B261AC82C7800F3D29C /* MLFetchedTableViewController.h */ = {isa = PBXFileReference; fileEncoding = 4; lastKnownFileType = sourcecode.c.h; path = MLFetchedTableViewController.h; sourceTree = "<group>"; };
		27709B271AC82C7800F3D29C /* MLFetchedTableViewController.m */ = {isa = PBXFileReference; fileEncoding = 4; lastKnownFileType = sourcecode.c.objc; path = MLFetchedTableViewController.m; sourceTree = "<group>"; };
		27709B291AC82E8200F3D29C /* MLArrayCollectionViewController.h */ = {isa = PBXFileReference; fileEncoding = 4; lastKnownFileType = sourcecode.c.h; path = MLArrayCollectionViewController.h; sourceTree = "<group>"; };
		27709B2A1AC82E8200F3D29C /* MLArrayCollectionViewController.m */ = {isa = PBXFileReference; fileEncoding = 4; lastKnownFileType = sourcecode.c.objc; path = MLArrayCollectionViewController.m; sourceTree = "<group>"; };
		27709B2C1AC82E9C00F3D29C /* MLFetchedCollectionViewController.h */ = {isa = PBXFileReference; fileEncoding = 4; lastKnownFileType = sourcecode.c.h; path = MLFetchedCollectionViewController.h; sourceTree = "<group>"; };
		27709B2D1AC82E9C00F3D29C /* MLFetchedCollectionViewController.m */ = {isa = PBXFileReference; fileEncoding = 4; lastKnownFileType = sourcecode.c.objc; path = MLFetchedCollectionViewController.m; sourceTree = "<group>"; };
		27709B311AC8349700F3D29C /* DataModel.xcdatamodel */ = {isa = PBXFileReference; lastKnownFileType = wrapper.xcdatamodel; path = DataModel.xcdatamodel; sourceTree = "<group>"; };
		277808C21AAB1D2100D4C410 /* MLUniformFlowLayout.h */ = {isa = PBXFileReference; fileEncoding = 4; lastKnownFileType = sourcecode.c.h; path = MLUniformFlowLayout.h; sourceTree = "<group>"; };
		277808C31AAB1D2100D4C410 /* MLUniformFlowLayout.m */ = {isa = PBXFileReference; fileEncoding = 4; lastKnownFileType = sourcecode.c.objc; path = MLUniformFlowLayout.m; sourceTree = "<group>"; };
		277808C51AAB261C00D4C410 /* MLContactsCollectionViewController.h */ = {isa = PBXFileReference; fileEncoding = 4; lastKnownFileType = sourcecode.c.h; path = MLContactsCollectionViewController.h; sourceTree = "<group>"; };
		277808C61AAB261C00D4C410 /* MLContactsCollectionViewController.m */ = {isa = PBXFileReference; fileEncoding = 4; lastKnownFileType = sourcecode.c.objc; path = MLContactsCollectionViewController.m; sourceTree = "<group>"; };
		277808C81AAB28A600D4C410 /* MLContactCollectionViewCell.h */ = {isa = PBXFileReference; fileEncoding = 4; lastKnownFileType = sourcecode.c.h; path = MLContactCollectionViewCell.h; sourceTree = "<group>"; };
		277808C91AAB28A600D4C410 /* MLContactCollectionViewCell.m */ = {isa = PBXFileReference; fileEncoding = 4; lastKnownFileType = sourcecode.c.objc; path = MLContactCollectionViewCell.m; sourceTree = "<group>"; };
		278309AC1ACDD3D4000A48F3 /* MLCellConfiguration.h */ = {isa = PBXFileReference; fileEncoding = 4; lastKnownFileType = sourcecode.c.h; path = MLCellConfiguration.h; sourceTree = "<group>"; };
		278377621A20B7B400C29996 /* ViewControllers.app */ = {isa = PBXFileReference; explicitFileType = wrapper.application; includeInIndex = 0; path = ViewControllers.app; sourceTree = BUILT_PRODUCTS_DIR; };
		278377651A20B7B400C29996 /* Foundation.framework */ = {isa = PBXFileReference; lastKnownFileType = wrapper.framework; name = Foundation.framework; path = System/Library/Frameworks/Foundation.framework; sourceTree = SDKROOT; };
		278377671A20B7B400C29996 /* UIKit.framework */ = {isa = PBXFileReference; lastKnownFileType = wrapper.framework; name = UIKit.framework; path = System/Library/Frameworks/UIKit.framework; sourceTree = SDKROOT; };
		278377691A20B7B400C29996 /* CoreData.framework */ = {isa = PBXFileReference; lastKnownFileType = wrapper.framework; name = CoreData.framework; path = System/Library/Frameworks/CoreData.framework; sourceTree = SDKROOT; };
		2783776D1A20B7B400C29996 /* ViewControllers-Info.plist */ = {isa = PBXFileReference; lastKnownFileType = text.plist.xml; path = "ViewControllers-Info.plist"; sourceTree = "<group>"; };
		2783776F1A20B7B400C29996 /* en */ = {isa = PBXFileReference; lastKnownFileType = text.plist.strings; name = en; path = en.lproj/InfoPlist.strings; sourceTree = "<group>"; };
		278377711A20B7B400C29996 /* main.m */ = {isa = PBXFileReference; lastKnownFileType = sourcecode.c.objc; path = main.m; sourceTree = "<group>"; };
		278377731A20B7B400C29996 /* ViewControllers-Prefix.pch */ = {isa = PBXFileReference; lastKnownFileType = sourcecode.c.h; path = "ViewControllers-Prefix.pch"; sourceTree = "<group>"; };
		278377791A20B7B400C29996 /* MLDefines.h */ = {isa = PBXFileReference; lastKnownFileType = sourcecode.c.h; path = MLDefines.h; sourceTree = "<group>"; };
		2783777A1A20B7B400C29996 /* MLConstants.h */ = {isa = PBXFileReference; lastKnownFileType = sourcecode.c.h; path = MLConstants.h; sourceTree = "<group>"; };
		2783777B1A20B7B400C29996 /* MLConstants.m */ = {isa = PBXFileReference; lastKnownFileType = sourcecode.c.objc; path = MLConstants.m; sourceTree = "<group>"; };
		2783777E1A20B7B400C29996 /* MLViewController.h */ = {isa = PBXFileReference; lastKnownFileType = sourcecode.c.h; path = MLViewController.h; sourceTree = "<group>"; };
		2783777F1A20B7B400C29996 /* MLViewController.m */ = {isa = PBXFileReference; lastKnownFileType = sourcecode.c.objc; path = MLViewController.m; sourceTree = "<group>"; };
		278377811A20B7B400C29996 /* MLTableViewController.h */ = {isa = PBXFileReference; lastKnownFileType = sourcecode.c.h; path = MLTableViewController.h; sourceTree = "<group>"; };
		278377821A20B7B400C29996 /* MLTableViewController.m */ = {isa = PBXFileReference; lastKnownFileType = sourcecode.c.objc; path = MLTableViewController.m; sourceTree = "<group>"; };
		278377841A20B7B400C29996 /* MLCollectionViewController.h */ = {isa = PBXFileReference; lastKnownFileType = sourcecode.c.h; path = MLCollectionViewController.h; sourceTree = "<group>"; };
		278377851A20B7B400C29996 /* MLCollectionViewController.m */ = {isa = PBXFileReference; lastKnownFileType = sourcecode.c.objc; path = MLCollectionViewController.m; sourceTree = "<group>"; };
		278377871A20B7B400C29996 /* MLNavigationController.h */ = {isa = PBXFileReference; lastKnownFileType = sourcecode.c.h; path = MLNavigationController.h; sourceTree = "<group>"; };
		278377881A20B7B400C29996 /* MLNavigationController.m */ = {isa = PBXFileReference; lastKnownFileType = sourcecode.c.objc; path = MLNavigationController.m; sourceTree = "<group>"; };
		2783778B1A20B7B400C29996 /* MLTableViewCell.h */ = {isa = PBXFileReference; lastKnownFileType = sourcecode.c.h; path = MLTableViewCell.h; sourceTree = "<group>"; };
		2783778C1A20B7B400C29996 /* MLTableViewCell.m */ = {isa = PBXFileReference; lastKnownFileType = sourcecode.c.objc; path = MLTableViewCell.m; sourceTree = "<group>"; };
		2783778F1A20B7B400C29996 /* MLCollectionViewCell.h */ = {isa = PBXFileReference; lastKnownFileType = sourcecode.c.h; path = MLCollectionViewCell.h; sourceTree = "<group>"; };
		278377901A20B7B400C29996 /* MLCollectionViewCell.m */ = {isa = PBXFileReference; lastKnownFileType = sourcecode.c.objc; path = MLCollectionViewCell.m; sourceTree = "<group>"; };
		2783779B1A20B7B400C29996 /* MLSwitchViewController.h */ = {isa = PBXFileReference; lastKnownFileType = sourcecode.c.h; path = MLSwitchViewController.h; sourceTree = "<group>"; };
		2783779C1A20B7B400C29996 /* MLSwitchViewController.m */ = {isa = PBXFileReference; lastKnownFileType = sourcecode.c.objc; path = MLSwitchViewController.m; sourceTree = "<group>"; };
		2783779E1A20B7B400C29996 /* MLAppDelegate.h */ = {isa = PBXFileReference; lastKnownFileType = sourcecode.c.h; path = MLAppDelegate.h; sourceTree = "<group>"; };
		2783779F1A20B7B400C29996 /* MLAppDelegate.m */ = {isa = PBXFileReference; lastKnownFileType = sourcecode.c.objc; path = MLAppDelegate.m; sourceTree = "<group>"; };
		278377A61A20B7D400C29996 /* Images.xcassets */ = {isa = PBXFileReference; lastKnownFileType = folder.assetcatalog; path = Images.xcassets; sourceTree = "<group>"; };
		278377AD1A20B95B00C29996 /* MLTabBarController.h */ = {isa = PBXFileReference; fileEncoding = 4; lastKnownFileType = sourcecode.c.h; path = MLTabBarController.h; sourceTree = "<group>"; };
		278377AE1A20B95B00C29996 /* MLTabBarController.m */ = {isa = PBXFileReference; fileEncoding = 4; lastKnownFileType = sourcecode.c.objc; path = MLTabBarController.m; sourceTree = "<group>"; };
		278377B01A20BA8F00C29996 /* MLPageViewController.h */ = {isa = PBXFileReference; fileEncoding = 4; lastKnownFileType = sourcecode.c.h; path = MLPageViewController.h; sourceTree = "<group>"; };
		278377B11A20BA8F00C29996 /* MLPageViewController.m */ = {isa = PBXFileReference; fileEncoding = 4; lastKnownFileType = sourcecode.c.objc; path = MLPageViewController.m; sourceTree = "<group>"; };
		278377B31A20BAB200C29996 /* MLSplitViewController.h */ = {isa = PBXFileReference; fileEncoding = 4; lastKnownFileType = sourcecode.c.h; path = MLSplitViewController.h; sourceTree = "<group>"; };
		278377B41A20BAB200C29996 /* MLSplitViewController.m */ = {isa = PBXFileReference; fileEncoding = 4; lastKnownFileType = sourcecode.c.objc; path = MLSplitViewController.m; sourceTree = "<group>"; };
		278377B91A20BB7400C29996 /* MLMainTableViewController.h */ = {isa = PBXFileReference; fileEncoding = 4; lastKnownFileType = sourcecode.c.h; path = MLMainTableViewController.h; sourceTree = "<group>"; };
		278377BA1A20BB7400C29996 /* MLMainTableViewController.m */ = {isa = PBXFileReference; fileEncoding = 4; lastKnownFileType = sourcecode.c.objc; path = MLMainTableViewController.m; sourceTree = "<group>"; };
		278377BE1A20C51600C29996 /* MLCustomTableViewController.h */ = {isa = PBXFileReference; fileEncoding = 4; lastKnownFileType = sourcecode.c.h; path = MLCustomTableViewController.h; sourceTree = "<group>"; };
		278377BF1A20C51600C29996 /* MLCustomTableViewController.m */ = {isa = PBXFileReference; fileEncoding = 4; lastKnownFileType = sourcecode.c.objc; path = MLCustomTableViewController.m; sourceTree = "<group>"; };
		278377C11A20C58300C29996 /* MLCustomCollectionViewController.h */ = {isa = PBXFileReference; fileEncoding = 4; lastKnownFileType = sourcecode.c.h; path = MLCustomCollectionViewController.h; sourceTree = "<group>"; };
		278377C21A20C58300C29996 /* MLCustomCollectionViewController.m */ = {isa = PBXFileReference; fileEncoding = 4; lastKnownFileType = sourcecode.c.objc; path = MLCustomCollectionViewController.m; sourceTree = "<group>"; };
		278377C41A20C5B300C29996 /* MLCustomViewController.h */ = {isa = PBXFileReference; fileEncoding = 4; lastKnownFileType = sourcecode.c.h; path = MLCustomViewController.h; sourceTree = "<group>"; };
		278377C51A20C5B300C29996 /* MLCustomViewController.m */ = {isa = PBXFileReference; fileEncoding = 4; lastKnownFileType = sourcecode.c.objc; path = MLCustomViewController.m; sourceTree = "<group>"; };
		278377C81A20D64600C29996 /* MLCollectionViewStickyLayout.h */ = {isa = PBXFileReference; fileEncoding = 4; lastKnownFileType = sourcecode.c.h; path = MLCollectionViewStickyLayout.h; sourceTree = "<group>"; };
		278377C91A20D64600C29996 /* MLCollectionViewStickyLayout.m */ = {isa = PBXFileReference; fileEncoding = 4; lastKnownFileType = sourcecode.c.objc; path = MLCollectionViewStickyLayout.m; sourceTree = "<group>"; };
		278377CB1A20E19100C29996 /* MLCustomConfiguration.h */ = {isa = PBXFileReference; lastKnownFileType = sourcecode.c.h; path = MLCustomConfiguration.h; sourceTree = "<group>"; };
		278377CC1A20E35200C29996 /* MLLayoutViewController.h */ = {isa = PBXFileReference; fileEncoding = 4; lastKnownFileType = sourcecode.c.h; path = MLLayoutViewController.h; sourceTree = "<group>"; };
		278377CD1A20E35200C29996 /* MLLayoutViewController.m */ = {isa = PBXFileReference; fileEncoding = 4; lastKnownFileType = sourcecode.c.objc; path = MLLayoutViewController.m; sourceTree = "<group>"; };
		278377D21A20ECE800C29996 /* MLCustomCollectionViewCell.h */ = {isa = PBXFileReference; fileEncoding = 4; lastKnownFileType = sourcecode.c.h; path = MLCustomCollectionViewCell.h; sourceTree = "<group>"; };
		278377D31A20ECE800C29996 /* MLCustomCollectionViewCell.m */ = {isa = PBXFileReference; fileEncoding = 4; lastKnownFileType = sourcecode.c.objc; path = MLCustomCollectionViewCell.m; sourceTree = "<group>"; };
		278377D61A20F1F500C29996 /* MLCollectionReusableView.h */ = {isa = PBXFileReference; fileEncoding = 4; lastKnownFileType = sourcecode.c.h; path = MLCollectionReusableView.h; sourceTree = "<group>"; };
		278377D71A20F1F500C29996 /* MLCollectionReusableView.m */ = {isa = PBXFileReference; fileEncoding = 4; lastKnownFileType = sourcecode.c.objc; path = MLCollectionReusableView.m; sourceTree = "<group>"; };
		278377D91A20F6D800C29996 /* MLCustomCollectionReusableView.h */ = {isa = PBXFileReference; fileEncoding = 4; lastKnownFileType = sourcecode.c.h; path = MLCustomCollectionReusableView.h; sourceTree = "<group>"; };
		278377DA1A20F6D800C29996 /* MLCustomCollectionReusableView.m */ = {isa = PBXFileReference; fileEncoding = 4; lastKnownFileType = sourcecode.c.objc; path = MLCustomCollectionReusableView.m; sourceTree = "<group>"; };
		278377DC1A20FFAB00C29996 /* MLAutorotation.h */ = {isa = PBXFileReference; lastKnownFileType = sourcecode.c.h; path = MLAutorotation.h; sourceTree = "<group>"; };
		279164A01AC21C59002439F2 /* MLLoadingCollectionViewCell.h */ = {isa = PBXFileReference; fileEncoding = 4; lastKnownFileType = sourcecode.c.h; path = MLLoadingCollectionViewCell.h; sourceTree = "<group>"; };
		279164A11AC21C59002439F2 /* MLLoadingCollectionViewCell.m */ = {isa = PBXFileReference; fileEncoding = 4; lastKnownFileType = sourcecode.c.objc; path = MLLoadingCollectionViewCell.m; sourceTree = "<group>"; };
		27AEDEBE1ABA13C700E018EE /* MLStateMachine.h */ = {isa = PBXFileReference; fileEncoding = 4; lastKnownFileType = sourcecode.c.h; path = MLStateMachine.h; sourceTree = "<group>"; };
		27AEDEBF1ABA13C700E018EE /* MLStateMachine.m */ = {isa = PBXFileReference; fileEncoding = 4; lastKnownFileType = sourcecode.c.objc; path = MLStateMachine.m; sourceTree = "<group>"; };
		27B7FA111AAB9A040062430E /* MLTableViewDataSource.h */ = {isa = PBXFileReference; fileEncoding = 4; lastKnownFileType = sourcecode.c.h; path = MLTableViewDataSource.h; sourceTree = "<group>"; };
		27B7FA121AAB9A040062430E /* MLTableViewDataSource.m */ = {isa = PBXFileReference; fileEncoding = 4; lastKnownFileType = sourcecode.c.objc; path = MLTableViewDataSource.m; sourceTree = "<group>"; };
		27B7FA141AAB9A180062430E /* MLCollectionViewDataSource.h */ = {isa = PBXFileReference; fileEncoding = 4; lastKnownFileType = sourcecode.c.h; path = MLCollectionViewDataSource.h; sourceTree = "<group>"; };
		27B7FA151AAB9A180062430E /* MLCollectionViewDataSource.m */ = {isa = PBXFileReference; fileEncoding = 4; lastKnownFileType = sourcecode.c.objc; path = MLCollectionViewDataSource.m; sourceTree = "<group>"; };
		27B7FA181AABAFBC0062430E /* MLResultsControllerProtocol.h */ = {isa = PBXFileReference; fileEncoding = 4; lastKnownFileType = sourcecode.c.h; path = MLResultsControllerProtocol.h; sourceTree = "<group>"; };
		27B7FA191AABC3530062430E /* MLFetchedResultsController.h */ = {isa = PBXFileReference; fileEncoding = 4; lastKnownFileType = sourcecode.c.h; path = MLFetchedResultsController.h; sourceTree = "<group>"; };
		27B7FA1A1AABC3530062430E /* MLFetchedResultsController.m */ = {isa = PBXFileReference; fileEncoding = 4; lastKnownFileType = sourcecode.c.objc; path = MLFetchedResultsController.m; sourceTree = "<group>"; };
		27D7EB711AC83544007024AA /* MLEventEntity.h */ = {isa = PBXFileReference; fileEncoding = 4; lastKnownFileType = sourcecode.c.h; path = MLEventEntity.h; sourceTree = "<group>"; };
		27D7EB721AC83544007024AA /* MLEventEntity.m */ = {isa = PBXFileReference; fileEncoding = 4; lastKnownFileType = sourcecode.c.objc; path = MLEventEntity.m; sourceTree = "<group>"; };
		27D7EB751AC83B7C007024AA /* MLDataStack.h */ = {isa = PBXFileReference; fileEncoding = 4; lastKnownFileType = sourcecode.c.h; path = MLDataStack.h; sourceTree = "<group>"; };
		27D7EB761AC83B7C007024AA /* MLDataStack.m */ = {isa = PBXFileReference; fileEncoding = 4; lastKnownFileType = sourcecode.c.objc; path = MLDataStack.m; sourceTree = "<group>"; };
		27D8B0EE1ACB1EE6003EFCEB /* MLButtonCollectionViewCell.h */ = {isa = PBXFileReference; fileEncoding = 4; lastKnownFileType = sourcecode.c.h; path = MLButtonCollectionViewCell.h; sourceTree = "<group>"; };
		27D8B0EF1ACB1EE6003EFCEB /* MLButtonCollectionViewCell.m */ = {isa = PBXFileReference; fileEncoding = 4; lastKnownFileType = sourcecode.c.objc; path = MLButtonCollectionViewCell.m; sourceTree = "<group>"; };
		27E2E7971ACB258100EA2DFF /* UIImage+MLColors.h */ = {isa = PBXFileReference; fileEncoding = 4; lastKnownFileType = sourcecode.c.h; path = "UIImage+MLColors.h"; sourceTree = "<group>"; };
		27E2E7981ACB258100EA2DFF /* UIImage+MLColors.m */ = {isa = PBXFileReference; fileEncoding = 4; lastKnownFileType = sourcecode.c.objc; path = "UIImage+MLColors.m"; sourceTree = "<group>"; };
		27E2E79A1ACB27BB00EA2DFF /* MLCollectionViewFlowLayout.h */ = {isa = PBXFileReference; fileEncoding = 4; lastKnownFileType = sourcecode.c.h; path = MLCollectionViewFlowLayout.h; sourceTree = "<group>"; };
		27E2E79B1ACB27BB00EA2DFF /* MLCollectionViewFlowLayout.m */ = {isa = PBXFileReference; fileEncoding = 4; lastKnownFileType = sourcecode.c.objc; path = MLCollectionViewFlowLayout.m; sourceTree = "<group>"; };
		27E36EE01AD7F66600C7B984 /* ViewControllersTests.xctest */ = {isa = PBXFileReference; explicitFileType = wrapper.cfbundle; includeInIndex = 0; path = ViewControllersTests.xctest; sourceTree = BUILT_PRODUCTS_DIR; };
		27E36EE31AD7F66600C7B984 /* Info.plist */ = {isa = PBXFileReference; lastKnownFileType = text.plist.xml; path = Info.plist; sourceTree = "<group>"; };
		27E36EEE1AD7F78D00C7B984 /* MLOperationTestCase.m */ = {isa = PBXFileReference; fileEncoding = 4; lastKnownFileType = sourcecode.c.objc; path = MLOperationTestCase.m; sourceTree = "<group>"; };
		39EA6D112DF10EA65BC5006F /* libPods.a */ = {isa = PBXFileReference; explicitFileType = archive.ar; includeInIndex = 0; path = libPods.a; sourceTree = BUILT_PRODUCTS_DIR; };
		3C8F14662890BF7E9EA7B8E7 /* Pods.release.xcconfig */ = {isa = PBXFileReference; includeInIndex = 1; lastKnownFileType = text.xcconfig; name = Pods.release.xcconfig; path = "../Pods/Target Support Files/Pods/Pods.release.xcconfig"; sourceTree = "<group>"; };
		AA6637281ADD30F6000D3BB4 /* MLCenterViewController.h */ = {isa = PBXFileReference; fileEncoding = 4; lastKnownFileType = sourcecode.c.h; path = MLCenterViewController.h; sourceTree = "<group>"; };
		AA6637291ADD30F6000D3BB4 /* MLCenterViewController.m */ = {isa = PBXFileReference; fileEncoding = 4; lastKnownFileType = sourcecode.c.objc; path = MLCenterViewController.m; sourceTree = "<group>"; };
		AA66372B1ADD323D000D3BB4 /* MLCenterViewController.xib */ = {isa = PBXFileReference; fileEncoding = 4; lastKnownFileType = file.xib; path = MLCenterViewController.xib; sourceTree = "<group>"; };
		AA66372D1ADD33AE000D3BB4 /* MLCenterView.h */ = {isa = PBXFileReference; fileEncoding = 4; lastKnownFileType = sourcecode.c.h; path = MLCenterView.h; sourceTree = "<group>"; };
		AA66372E1ADD33AE000D3BB4 /* MLCenterView.m */ = {isa = PBXFileReference; fileEncoding = 4; lastKnownFileType = sourcecode.c.objc; path = MLCenterView.m; sourceTree = "<group>"; };
		AA6BCE981ACEBFCE00AD0E81 /* MLObserversManager.h */ = {isa = PBXFileReference; fileEncoding = 4; lastKnownFileType = sourcecode.c.h; path = MLObserversManager.h; sourceTree = "<group>"; };
		AA6BCE991ACEBFCE00AD0E81 /* MLObserversManager.m */ = {isa = PBXFileReference; fileEncoding = 4; lastKnownFileType = sourcecode.c.objc; path = MLObserversManager.m; sourceTree = "<group>"; };
		AAA780EF1A25C4A100E2E295 /* UINavigationController+MLCustomConfiguration.h */ = {isa = PBXFileReference; fileEncoding = 4; lastKnownFileType = sourcecode.c.h; path = "UINavigationController+MLCustomConfiguration.h"; sourceTree = "<group>"; };
		AAA780F01A25C4A100E2E295 /* UINavigationController+MLCustomConfiguration.m */ = {isa = PBXFileReference; fileEncoding = 4; lastKnownFileType = sourcecode.c.objc; path = "UINavigationController+MLCustomConfiguration.m"; sourceTree = "<group>"; };
		AAA780F51A25EC2500E2E295 /* MLContactTableViewCell.h */ = {isa = PBXFileReference; fileEncoding = 4; lastKnownFileType = sourcecode.c.h; path = MLContactTableViewCell.h; sourceTree = "<group>"; };
		AAA780F61A25EC2500E2E295 /* MLContactTableViewCell.m */ = {isa = PBXFileReference; fileEncoding = 4; lastKnownFileType = sourcecode.c.objc; path = MLContactTableViewCell.m; sourceTree = "<group>"; };
		AAA780F81A25F21900E2E295 /* Contacts.json */ = {isa = PBXFileReference; fileEncoding = 4; lastKnownFileType = text.json; path = Contacts.json; sourceTree = "<group>"; };
		AAA780FB1A25F28D00E2E295 /* MLContactsTableViewController.h */ = {isa = PBXFileReference; fileEncoding = 4; lastKnownFileType = sourcecode.c.h; path = MLContactsTableViewController.h; sourceTree = "<group>"; };
		AAA780FC1A25F28D00E2E295 /* MLContactsTableViewController.m */ = {isa = PBXFileReference; fileEncoding = 4; lastKnownFileType = sourcecode.c.objc; path = MLContactsTableViewController.m; sourceTree = "<group>"; };
/* End PBXFileReference section */

/* Begin PBXFrameworksBuildPhase section */
		2783775F1A20B7B400C29996 /* Frameworks */ = {
			isa = PBXFrameworksBuildPhase;
			buildActionMask = 2147483647;
			files = (
				278377661A20B7B400C29996 /* Foundation.framework in Frameworks */,
				2783776A1A20B7B400C29996 /* CoreData.framework in Frameworks */,
				278377681A20B7B400C29996 /* UIKit.framework in Frameworks */,
				07E497747F7D15BA5D209B5E /* libPods.a in Frameworks */,
			);
			runOnlyForDeploymentPostprocessing = 0;
		};
		27E36EDD1AD7F66600C7B984 /* Frameworks */ = {
			isa = PBXFrameworksBuildPhase;
			buildActionMask = 2147483647;
			files = (
				27E36EED1AD7F72600C7B984 /* Foundation.framework in Frameworks */,
				27E36EEC1AD7F71F00C7B984 /* UIKit.framework in Frameworks */,
			);
			runOnlyForDeploymentPostprocessing = 0;
		};
/* End PBXFrameworksBuildPhase section */

/* Begin PBXGroup section */
		2718AA211AA10CF200F4938C /* Container Controllers */ = {
			isa = PBXGroup;
			children = (
				2718AA221AA10DB000F4938C /* MLRotationTabBarController.h */,
				2718AA231AA10DB000F4938C /* MLRotationTabBarController.m */,
				2718AA251AA1150600F4938C /* MLRotationSwitchViewController.h */,
				2718AA261AA1150600F4938C /* MLRotationSwitchViewController.m */,
			);
			name = "Container Controllers";
			sourceTree = "<group>";
		};
		27251ADA1ABF37F0004C1743 /* Loading Controllers */ = {
			isa = PBXGroup;
			children = (
				276CA85D1AC0D936002A90B3 /* MLLoadableViewController.h */,
				276CA85E1AC0D936002A90B3 /* MLLoadableViewController.m */,
				276CA8601AC0DF54002A90B3 /* MLLoadableTableViewController.h */,
				276CA8611AC0DF54002A90B3 /* MLLoadableTableViewController.m */,
				276CA8661AC0DF95002A90B3 /* MLLoadableCollectionViewController.h */,
				276CA8671AC0DF95002A90B3 /* MLLoadableCollectionViewController.m */,
				276CA8631AC0DF73002A90B3 /* MLLoadableSettingsViewController.h */,
				276CA8641AC0DF73002A90B3 /* MLLoadableSettingsViewController.m */,
			);
			name = "Loading Controllers";
			sourceTree = "<group>";
		};
		274341951AAE1A89002AD9B5 /* Data Source Controllers */ = {
			isa = PBXGroup;
			children = (
				27709B231AC82C5800F3D29C /* MLArrayTableViewController.h */,
				27709B241AC82C5800F3D29C /* MLArrayTableViewController.m */,
				27709B291AC82E8200F3D29C /* MLArrayCollectionViewController.h */,
				27709B2A1AC82E8200F3D29C /* MLArrayCollectionViewController.m */,
				27709B261AC82C7800F3D29C /* MLFetchedTableViewController.h */,
				27709B271AC82C7800F3D29C /* MLFetchedTableViewController.m */,
				27709B2C1AC82E9C00F3D29C /* MLFetchedCollectionViewController.h */,
				27709B2D1AC82E9C00F3D29C /* MLFetchedCollectionViewController.m */,
			);
			name = "Data Source Controllers";
			sourceTree = "<group>";
		};
		2743419F1AAE1F84002AD9B5 /* Support */ = {
			isa = PBXGroup;
			children = (
				27251ADB1ABF547B004C1743 /* MLLoadToken.h */,
				27251ADC1ABF547B004C1743 /* MLLoadToken.m */,
				27AEDEBE1ABA13C700E018EE /* MLStateMachine.h */,
				27AEDEBF1ABA13C700E018EE /* MLStateMachine.m */,
				27251ADE1ABF5D80004C1743 /* MLLoadableContent.h */,
				27251ADF1ABF5D80004C1743 /* MLLoadableContent.m */,
			);
			name = Support;
			sourceTree = "<group>";
		};
		274341A01AAE1FC1002AD9B5 /* Results Controllers */ = {
			isa = PBXGroup;
			children = (
				27B7FA181AABAFBC0062430E /* MLResultsControllerProtocol.h */,
				2743419C1AAE1F58002AD9B5 /* MLBaseResultsController.h */,
				2743419D1AAE1F58002AD9B5 /* MLBaseResultsController.m */,
				274341991AAE1E3D002AD9B5 /* MLCollectionListController.h */,
				2743419A1AAE1E3D002AD9B5 /* MLCollectionListController.m */,
				27B7FA191AABC3530062430E /* MLFetchedResultsController.h */,
				27B7FA1A1AABC3530062430E /* MLFetchedResultsController.m */,
			);
			name = "Results Controllers";
			sourceTree = "<group>";
		};
		2755E72D1AD731AB00A9DFE3 /* Operations */ = {
			isa = PBXGroup;
			children = (
				2755E72E1AD731C500A9DFE3 /* MLOperation.h */,
				2755E72F1AD731C500A9DFE3 /* MLOperation.m */,
				2755E7341AD752BF00A9DFE3 /* MLAsynchronousOperation.h */,
				2755E7351AD752BF00A9DFE3 /* MLAsynchronousOperation.m */,
				2755E7311AD749A700A9DFE3 /* MLBlockOperation.h */,
				2755E7321AD749A700A9DFE3 /* MLBlockOperation.m */,
			);
			name = Operations;
			sourceTree = "<group>";
		};
		275646801A96A30600D1847A /* Misc Controllers */ = {
			isa = PBXGroup;
			children = (
				278377CC1A20E35200C29996 /* MLLayoutViewController.h */,
				278377CD1A20E35200C29996 /* MLLayoutViewController.m */,
				275646811A96A35C00D1847A /* MLRotationViewController.h */,
				275646821A96A35C00D1847A /* MLRotationViewController.m */,
			);
			name = "Misc Controllers";
			sourceTree = "<group>";
		};
		27709B2F1AC8343B00F3D29C /* CoreData */ = {
			isa = PBXGroup;
			children = (
				27709B301AC8349700F3D29C /* DataModel.xcdatamodeld */,
			);
			path = CoreData;
			sourceTree = "<group>";
		};
		27709B331AC834E900F3D29C /* Entities */ = {
			isa = PBXGroup;
			children = (
				27D7EB711AC83544007024AA /* MLEventEntity.h */,
				27D7EB721AC83544007024AA /* MLEventEntity.m */,
			);
			name = Entities;
			sourceTree = "<group>";
		};
		278309AB1ACDD355000A48F3 /* Base Cells */ = {
			isa = PBXGroup;
			children = (
				278309AC1ACDD3D4000A48F3 /* MLCellConfiguration.h */,
				2783778B1A20B7B400C29996 /* MLTableViewCell.h */,
				2783778C1A20B7B400C29996 /* MLTableViewCell.m */,
				2783778F1A20B7B400C29996 /* MLCollectionViewCell.h */,
				278377901A20B7B400C29996 /* MLCollectionViewCell.m */,
				278377D61A20F1F500C29996 /* MLCollectionReusableView.h */,
				278377D71A20F1F500C29996 /* MLCollectionReusableView.m */,
			);
			name = "Base Cells";
			sourceTree = "<group>";
		};
		278377591A20B7B400C29996 = {
			isa = PBXGroup;
			children = (
				2783776B1A20B7B400C29996 /* ViewControllers */,
				27E36EE11AD7F66600C7B984 /* ViewControllersTests */,
				278377641A20B7B400C29996 /* Frameworks */,
				278377631A20B7B400C29996 /* Products */,
				86EAF2D25404F7923B86D684 /* Pods */,
			);
			sourceTree = "<group>";
		};
		278377631A20B7B400C29996 /* Products */ = {
			isa = PBXGroup;
			children = (
				278377621A20B7B400C29996 /* ViewControllers.app */,
				27E36EE01AD7F66600C7B984 /* ViewControllersTests.xctest */,
			);
			name = Products;
			sourceTree = "<group>";
		};
		278377641A20B7B400C29996 /* Frameworks */ = {
			isa = PBXGroup;
			children = (
				278377651A20B7B400C29996 /* Foundation.framework */,
				278377671A20B7B400C29996 /* UIKit.framework */,
				278377691A20B7B400C29996 /* CoreData.framework */,
				39EA6D112DF10EA65BC5006F /* libPods.a */,
			);
			name = Frameworks;
			sourceTree = "<group>";
		};
		2783776B1A20B7B400C29996 /* ViewControllers */ = {
			isa = PBXGroup;
			children = (
				278377791A20B7B400C29996 /* MLDefines.h */,
				2783777A1A20B7B400C29996 /* MLConstants.h */,
				2783777B1A20B7B400C29996 /* MLConstants.m */,
				2783779E1A20B7B400C29996 /* MLAppDelegate.h */,
				2783779F1A20B7B400C29996 /* MLAppDelegate.m */,
				278377781A20B7B400C29996 /* Controllers */,
				278377771A20B7B400C29996 /* Models */,
				278377761A20B7B400C29996 /* Views */,
				278377751A20B7B400C29996 /* Categories */,
				AA6BCE971ACEBFA000AD0E81 /* Utilities */,
				278377741A20B7B400C29996 /* Resources */,
				2783776C1A20B7B400C29996 /* Supporting Files */,
			);
			path = ViewControllers;
			sourceTree = "<group>";
		};
		2783776C1A20B7B400C29996 /* Supporting Files */ = {
			isa = PBXGroup;
			children = (
				2783776D1A20B7B400C29996 /* ViewControllers-Info.plist */,
				278377711A20B7B400C29996 /* main.m */,
				278377731A20B7B400C29996 /* ViewControllers-Prefix.pch */,
			);
			name = "Supporting Files";
			sourceTree = "<group>";
		};
		278377741A20B7B400C29996 /* Resources */ = {
			isa = PBXGroup;
			children = (
				27709B2F1AC8343B00F3D29C /* CoreData */,
				AAA780ED1A25C42700E2E295 /* Interface */,
				278377A61A20B7D400C29996 /* Images.xcassets */,
				2783776E1A20B7B400C29996 /* InfoPlist.strings */,
				AAA780F81A25F21900E2E295 /* Contacts.json */,
			);
			path = Resources;
			sourceTree = "<group>";
		};
		278377751A20B7B400C29996 /* Categories */ = {
			isa = PBXGroup;
			children = (
				27E2E7971ACB258100EA2DFF /* UIImage+MLColors.h */,
				27E2E7981ACB258100EA2DFF /* UIImage+MLColors.m */,
			);
			path = Categories;
			sourceTree = "<group>";
		};
		278377761A20B7B400C29996 /* Views */ = {
			isa = PBXGroup;
			children = (
				278309AB1ACDD355000A48F3 /* Base Cells */,
				2783778A1A20B7B400C29996 /* UITableView Cells */,
				278377C71A20D3C500C29996 /* UICollectionView Layouts */,
				278377D51A20F1CC00C29996 /* UICollectionView ReusableViews */,
				2783778E1A20B7B400C29996 /* UICollectionView Cells */,
			);
			path = Views;
			sourceTree = "<group>";
		};
		278377771A20B7B400C29996 /* Models */ = {
			isa = PBXGroup;
			children = (
				2755E72D1AD731AB00A9DFE3 /* Operations */,
				27D7EB741AC83754007024AA /* CoreData */,
				2743419F1AAE1F84002AD9B5 /* Support */,
				27B7FA101AAB99BB0062430E /* Data Sources */,
				274341A01AAE1FC1002AD9B5 /* Results Controllers */,
			);
			path = Models;
			sourceTree = "<group>";
		};
		278377781A20B7B400C29996 /* Controllers */ = {
			isa = PBXGroup;
			children = (
				2783777D1A20B7B400C29996 /* Abstract Base */,
				278377A81A20B88E00C29996 /* Abstract Containers */,
				278377A91A20B8BB00C29996 /* Examples */,
			);
			path = Controllers;
			sourceTree = "<group>";
		};
		2783777D1A20B7B400C29996 /* Abstract Base */ = {
			isa = PBXGroup;
			children = (
				2783777E1A20B7B400C29996 /* MLViewController.h */,
				2783777F1A20B7B400C29996 /* MLViewController.m */,
				278377811A20B7B400C29996 /* MLTableViewController.h */,
				278377821A20B7B400C29996 /* MLTableViewController.m */,
				278377841A20B7B400C29996 /* MLCollectionViewController.h */,
				278377851A20B7B400C29996 /* MLCollectionViewController.m */,
			);
			name = "Abstract Base";
			sourceTree = "<group>";
		};
		2783778A1A20B7B400C29996 /* UITableView Cells */ = {
			isa = PBXGroup;
			children = (
				AAA780F51A25EC2500E2E295 /* MLContactTableViewCell.h */,
				AAA780F61A25EC2500E2E295 /* MLContactTableViewCell.m */,
				27251AD71ABEFBAB004C1743 /* MLLoadingTableViewCell.h */,
				27251AD81ABEFBAB004C1743 /* MLLoadingTableViewCell.m */,
			);
			name = "UITableView Cells";
			sourceTree = "<group>";
		};
		2783778E1A20B7B400C29996 /* UICollectionView Cells */ = {
			isa = PBXGroup;
			children = (
				278377D21A20ECE800C29996 /* MLCustomCollectionViewCell.h */,
				278377D31A20ECE800C29996 /* MLCustomCollectionViewCell.m */,
				27D8B0EE1ACB1EE6003EFCEB /* MLButtonCollectionViewCell.h */,
				27D8B0EF1ACB1EE6003EFCEB /* MLButtonCollectionViewCell.m */,
				277808C81AAB28A600D4C410 /* MLContactCollectionViewCell.h */,
				277808C91AAB28A600D4C410 /* MLContactCollectionViewCell.m */,
				279164A01AC21C59002439F2 /* MLLoadingCollectionViewCell.h */,
				279164A11AC21C59002439F2 /* MLLoadingCollectionViewCell.m */,
			);
			name = "UICollectionView Cells";
			sourceTree = "<group>";
		};
		278377A81A20B88E00C29996 /* Abstract Containers */ = {
			isa = PBXGroup;
			children = (
				278377DC1A20FFAB00C29996 /* MLAutorotation.h */,
				278377871A20B7B400C29996 /* MLNavigationController.h */,
				278377881A20B7B400C29996 /* MLNavigationController.m */,
				278377AD1A20B95B00C29996 /* MLTabBarController.h */,
				278377AE1A20B95B00C29996 /* MLTabBarController.m */,
				278377B01A20BA8F00C29996 /* MLPageViewController.h */,
				278377B11A20BA8F00C29996 /* MLPageViewController.m */,
				2783779B1A20B7B400C29996 /* MLSwitchViewController.h */,
				2783779C1A20B7B400C29996 /* MLSwitchViewController.m */,
				278377B31A20BAB200C29996 /* MLSplitViewController.h */,
				278377B41A20BAB200C29996 /* MLSplitViewController.m */,
			);
			name = "Abstract Containers";
			sourceTree = "<group>";
		};
		278377A91A20B8BB00C29996 /* Examples */ = {
			isa = PBXGroup;
			children = (
				AAA780FA1A25F24B00E2E295 /* Cell Controllers */,
				278377BC1A20C4EA00C29996 /* Base Controllers */,
				278377BD1A20C4F500C29996 /* CoreData Controllers */,
				274341951AAE1A89002AD9B5 /* Data Source Controllers */,
				27251ADA1ABF37F0004C1743 /* Loading Controllers */,
				2718AA211AA10CF200F4938C /* Container Controllers */,
				275646801A96A30600D1847A /* Misc Controllers */,
				AA6637271ADD30DE000D3BB4 /* Test Controllers */,
				AAA780EE1A25C46F00E2E295 /* Extensions */,
				278377B91A20BB7400C29996 /* MLMainTableViewController.h */,
				278377BA1A20BB7400C29996 /* MLMainTableViewController.m */,
			);
			name = Examples;
			sourceTree = "<group>";
		};
		278377BC1A20C4EA00C29996 /* Base Controllers */ = {
			isa = PBXGroup;
			children = (
				278377C41A20C5B300C29996 /* MLCustomViewController.h */,
				278377C51A20C5B300C29996 /* MLCustomViewController.m */,
				278377BE1A20C51600C29996 /* MLCustomTableViewController.h */,
				278377BF1A20C51600C29996 /* MLCustomTableViewController.m */,
				278377C11A20C58300C29996 /* MLCustomCollectionViewController.h */,
				278377C21A20C58300C29996 /* MLCustomCollectionViewController.m */,
			);
			name = "Base Controllers";
			sourceTree = "<group>";
		};
		278377BD1A20C4F500C29996 /* CoreData Controllers */ = {
			isa = PBXGroup;
			children = (
			);
			name = "CoreData Controllers";
			sourceTree = "<group>";
		};
		278377C71A20D3C500C29996 /* UICollectionView Layouts */ = {
			isa = PBXGroup;
			children = (
				27E2E79A1ACB27BB00EA2DFF /* MLCollectionViewFlowLayout.h */,
				27E2E79B1ACB27BB00EA2DFF /* MLCollectionViewFlowLayout.m */,
				277808C21AAB1D2100D4C410 /* MLUniformFlowLayout.h */,
				277808C31AAB1D2100D4C410 /* MLUniformFlowLayout.m */,
				278377C81A20D64600C29996 /* MLCollectionViewStickyLayout.h */,
				278377C91A20D64600C29996 /* MLCollectionViewStickyLayout.m */,
			);
			name = "UICollectionView Layouts";
			sourceTree = "<group>";
		};
		278377D51A20F1CC00C29996 /* UICollectionView ReusableViews */ = {
			isa = PBXGroup;
			children = (
				278377D91A20F6D800C29996 /* MLCustomCollectionReusableView.h */,
				278377DA1A20F6D800C29996 /* MLCustomCollectionReusableView.m */,
			);
			name = "UICollectionView ReusableViews";
			sourceTree = "<group>";
		};
		27B7FA101AAB99BB0062430E /* Data Sources */ = {
			isa = PBXGroup;
			children = (
				27B7FA111AAB9A040062430E /* MLTableViewDataSource.h */,
				27B7FA121AAB9A040062430E /* MLTableViewDataSource.m */,
				27B7FA141AAB9A180062430E /* MLCollectionViewDataSource.h */,
				27B7FA151AAB9A180062430E /* MLCollectionViewDataSource.m */,
			);
			name = "Data Sources";
			sourceTree = "<group>";
		};
		27D7EB741AC83754007024AA /* CoreData */ = {
			isa = PBXGroup;
			children = (
				27709B331AC834E900F3D29C /* Entities */,
				27D7EB751AC83B7C007024AA /* MLDataStack.h */,
				27D7EB761AC83B7C007024AA /* MLDataStack.m */,
			);
			name = CoreData;
			sourceTree = "<group>";
		};
		27E36EE11AD7F66600C7B984 /* ViewControllersTests */ = {
			isa = PBXGroup;
			children = (
				27E36EF01AD7F79300C7B984 /* Tests */,
				27E36EE21AD7F66600C7B984 /* Supporting Files */,
			);
			path = ViewControllersTests;
			sourceTree = "<group>";
		};
		27E36EE21AD7F66600C7B984 /* Supporting Files */ = {
			isa = PBXGroup;
			children = (
				27E36EE31AD7F66600C7B984 /* Info.plist */,
			);
			name = "Supporting Files";
			sourceTree = "<group>";
		};
		27E36EF01AD7F79300C7B984 /* Tests */ = {
			isa = PBXGroup;
			children = (
				27E36EEE1AD7F78D00C7B984 /* MLOperationTestCase.m */,
			);
			name = Tests;
			sourceTree = "<group>";
		};
		86EAF2D25404F7923B86D684 /* Pods */ = {
			isa = PBXGroup;
			children = (
				1C679E83FE33288317C35094 /* Pods.debug.xcconfig */,
				3C8F14662890BF7E9EA7B8E7 /* Pods.release.xcconfig */,
			);
			name = Pods;
			sourceTree = "<group>";
		};
		AA6637271ADD30DE000D3BB4 /* Test Controllers */ = {
			isa = PBXGroup;
			children = (
				AA6637281ADD30F6000D3BB4 /* MLCenterViewController.h */,
				AA6637291ADD30F6000D3BB4 /* MLCenterViewController.m */,
				AA66372D1ADD33AE000D3BB4 /* MLCenterView.h */,
				AA66372E1ADD33AE000D3BB4 /* MLCenterView.m */,
			);
			name = "Test Controllers";
			sourceTree = "<group>";
		};
		AA6BCE971ACEBFA000AD0E81 /* Utilities */ = {
			isa = PBXGroup;
			children = (
				AA6BCE981ACEBFCE00AD0E81 /* MLObserversManager.h */,
				AA6BCE991ACEBFCE00AD0E81 /* MLObserversManager.m */,
			);
			path = Utilities;
			sourceTree = "<group>";
		};
		AAA780ED1A25C42700E2E295 /* Interface */ = {
			isa = PBXGroup;
			children = (
				AA66372B1ADD323D000D3BB4 /* MLCenterViewController.xib */,
			);
			path = Interface;
			sourceTree = "<group>";
		};
		AAA780EE1A25C46F00E2E295 /* Extensions */ = {
			isa = PBXGroup;
			children = (
				278377CB1A20E19100C29996 /* MLCustomConfiguration.h */,
				AAA780EF1A25C4A100E2E295 /* UINavigationController+MLCustomConfiguration.h */,
				AAA780F01A25C4A100E2E295 /* UINavigationController+MLCustomConfiguration.m */,
			);
			name = Extensions;
			sourceTree = "<group>";
		};
		AAA780FA1A25F24B00E2E295 /* Cell Controllers */ = {
			isa = PBXGroup;
			children = (
				AAA780FB1A25F28D00E2E295 /* MLContactsTableViewController.h */,
				AAA780FC1A25F28D00E2E295 /* MLContactsTableViewController.m */,
				277808C51AAB261C00D4C410 /* MLContactsCollectionViewController.h */,
				277808C61AAB261C00D4C410 /* MLContactsCollectionViewController.m */,
			);
			name = "Cell Controllers";
			sourceTree = "<group>";
		};
/* End PBXGroup section */

/* Begin PBXNativeTarget section */
		278377611A20B7B400C29996 /* ViewControllers */ = {
			isa = PBXNativeTarget;
			buildConfigurationList = 278377A31A20B7B400C29996 /* Build configuration list for PBXNativeTarget "ViewControllers" */;
			buildPhases = (
				9F633946D890A532BA2EE93B /* Check Pods Manifest.lock */,
				2783775E1A20B7B400C29996 /* Sources */,
				2783775F1A20B7B400C29996 /* Frameworks */,
				278377601A20B7B400C29996 /* Resources */,
				7833F3B349B06A1670038860 /* Copy Pods Resources */,
			);
			buildRules = (
			);
			dependencies = (
			);
			name = ViewControllers;
			productName = ViewControllers;
			productReference = 278377621A20B7B400C29996 /* ViewControllers.app */;
			productType = "com.apple.product-type.application";
		};
		27E36EDF1AD7F66600C7B984 /* ViewControllersTests */ = {
			isa = PBXNativeTarget;
			buildConfigurationList = 27E36EE61AD7F66600C7B984 /* Build configuration list for PBXNativeTarget "ViewControllersTests" */;
			buildPhases = (
				27E36EDC1AD7F66600C7B984 /* Sources */,
				27E36EDD1AD7F66600C7B984 /* Frameworks */,
				27E36EDE1AD7F66600C7B984 /* Resources */,
			);
			buildRules = (
			);
			dependencies = (
			);
			name = ViewControllersTests;
			productName = ViewControllersTests;
			productReference = 27E36EE01AD7F66600C7B984 /* ViewControllersTests.xctest */;
			productType = "com.apple.product-type.bundle.unit-test";
		};
/* End PBXNativeTarget section */

/* Begin PBXProject section */
		2783775A1A20B7B400C29996 /* Project object */ = {
			isa = PBXProject;
			attributes = {
				CLASSPREFIX = ML;
				LastUpgradeCheck = 0610;
				ORGANIZATIONNAME = "Joachim Kret";
				TargetAttributes = {
					278377611A20B7B400C29996 = {
						CreatedOnToolsVersion = 6.1;
					};
					27E36EDF1AD7F66600C7B984 = {
						CreatedOnToolsVersion = 6.1.1;
					};
				};
			};
			buildConfigurationList = 2783775D1A20B7B400C29996 /* Build configuration list for PBXProject "ViewControllers" */;
			compatibilityVersion = "Xcode 3.2";
			developmentRegion = English;
			hasScannedForEncodings = 0;
			knownRegions = (
				en,
			);
			mainGroup = 278377591A20B7B400C29996;
			productRefGroup = 278377631A20B7B400C29996 /* Products */;
			projectDirPath = "";
			projectRoot = "";
			targets = (
				278377611A20B7B400C29996 /* ViewControllers */,
				27E36EDF1AD7F66600C7B984 /* ViewControllersTests */,
			);
		};
/* End PBXProject section */

/* Begin PBXResourcesBuildPhase section */
		278377601A20B7B400C29996 /* Resources */ = {
			isa = PBXResourcesBuildPhase;
			buildActionMask = 2147483647;
			files = (
				AAA780F91A25F21900E2E295 /* Contacts.json in Resources */,
				278377701A20B7B400C29996 /* InfoPlist.strings in Resources */,
				278377A71A20B7D400C29996 /* Images.xcassets in Resources */,
				AA66372C1ADD323D000D3BB4 /* MLCenterViewController.xib in Resources */,
			);
			runOnlyForDeploymentPostprocessing = 0;
		};
		27E36EDE1AD7F66600C7B984 /* Resources */ = {
			isa = PBXResourcesBuildPhase;
			buildActionMask = 2147483647;
			files = (
			);
			runOnlyForDeploymentPostprocessing = 0;
		};
/* End PBXResourcesBuildPhase section */

/* Begin PBXShellScriptBuildPhase section */
		7833F3B349B06A1670038860 /* Copy Pods Resources */ = {
			isa = PBXShellScriptBuildPhase;
			buildActionMask = 2147483647;
			files = (
			);
			inputPaths = (
			);
			name = "Copy Pods Resources";
			outputPaths = (
			);
			runOnlyForDeploymentPostprocessing = 0;
			shellPath = /bin/sh;
			shellScript = "\"${SRCROOT}/../Pods/Target Support Files/Pods/Pods-resources.sh\"\n";
			showEnvVarsInLog = 0;
		};
		9F633946D890A532BA2EE93B /* Check Pods Manifest.lock */ = {
			isa = PBXShellScriptBuildPhase;
			buildActionMask = 2147483647;
			files = (
			);
			inputPaths = (
			);
			name = "Check Pods Manifest.lock";
			outputPaths = (
			);
			runOnlyForDeploymentPostprocessing = 0;
			shellPath = /bin/sh;
			shellScript = "diff \"${PODS_ROOT}/../Podfile.lock\" \"${PODS_ROOT}/Manifest.lock\" > /dev/null\nif [[ $? != 0 ]] ; then\n    cat << EOM\nerror: The sandbox is not in sync with the Podfile.lock. Run 'pod install' or update your CocoaPods installation.\nEOM\n    exit 1\nfi\n";
			showEnvVarsInLog = 0;
		};
/* End PBXShellScriptBuildPhase section */

/* Begin PBXSourcesBuildPhase section */
		2783775E1A20B7B400C29996 /* Sources */ = {
			isa = PBXSourcesBuildPhase;
			buildActionMask = 2147483647;
			files = (
				278377CA1A20D64600C29996 /* MLCollectionViewStickyLayout.m in Sources */,
				2718AA271AA1150600F4938C /* MLRotationSwitchViewController.m in Sources */,
				AAA780F71A25EC2500E2E295 /* MLContactTableViewCell.m in Sources */,
				277808C71AAB261C00D4C410 /* MLContactsCollectionViewController.m in Sources */,
				2755E7361AD752BF00A9DFE3 /* MLAsynchronousOperation.m in Sources */,
				AA6BCE9A1ACEBFCE00AD0E81 /* MLObserversManager.m in Sources */,
				278377C31A20C58300C29996 /* MLCustomCollectionViewController.m in Sources */,
				27D7EB771AC83B7C007024AA /* MLDataStack.m in Sources */,
				27E2E7991ACB258100EA2DFF /* UIImage+MLColors.m in Sources */,
				276CA85F1AC0D936002A90B3 /* MLLoadableViewController.m in Sources */,
				2783777C1A20B7B400C29996 /* MLConstants.m in Sources */,
				2743419E1AAE1F58002AD9B5 /* MLBaseResultsController.m in Sources */,
				279164A21AC21C59002439F2 /* MLLoadingCollectionViewCell.m in Sources */,
				2783779D1A20B7B400C29996 /* MLSwitchViewController.m in Sources */,
				278377B21A20BA8F00C29996 /* MLPageViewController.m in Sources */,
				2718AA241AA10DB000F4938C /* MLRotationTabBarController.m in Sources */,
				278377911A20B7B400C29996 /* MLCollectionViewCell.m in Sources */,
				2755E7301AD731C500A9DFE3 /* MLOperation.m in Sources */,
				AA66372F1ADD33AE000D3BB4 /* MLCenterView.m in Sources */,
				27251ADD1ABF547B004C1743 /* MLLoadToken.m in Sources */,
				2755E7331AD749A700A9DFE3 /* MLBlockOperation.m in Sources */,
				278377861A20B7B400C29996 /* MLCollectionViewController.m in Sources */,
				27D8B0F01ACB1EE6003EFCEB /* MLButtonCollectionViewCell.m in Sources */,
				278377CE1A20E35200C29996 /* MLLayoutViewController.m in Sources */,
				278377AF1A20B95B00C29996 /* MLTabBarController.m in Sources */,
				27709B2B1AC82E8200F3D29C /* MLArrayCollectionViewController.m in Sources */,
				278377B51A20BAB200C29996 /* MLSplitViewController.m in Sources */,
				276CA8651AC0DF73002A90B3 /* MLLoadableSettingsViewController.m in Sources */,
				278377DB1A20F6D800C29996 /* MLCustomCollectionReusableView.m in Sources */,
				27709B321AC8349700F3D29C /* DataModel.xcdatamodeld in Sources */,
				278377A01A20B7B400C29996 /* MLAppDelegate.m in Sources */,
				275646831A96A35C00D1847A /* MLRotationViewController.m in Sources */,
				27B7FA161AAB9A180062430E /* MLCollectionViewDataSource.m in Sources */,
				278377801A20B7B400C29996 /* MLViewController.m in Sources */,
				278377831A20B7B400C29996 /* MLTableViewController.m in Sources */,
				27AEDEC01ABA13C700E018EE /* MLStateMachine.m in Sources */,
				27B7FA1B1AABC3530062430E /* MLFetchedResultsController.m in Sources */,
				278377D81A20F1F500C29996 /* MLCollectionReusableView.m in Sources */,
				2743419B1AAE1E3D002AD9B5 /* MLCollectionListController.m in Sources */,
				27B7FA131AAB9A040062430E /* MLTableViewDataSource.m in Sources */,
				278377891A20B7B400C29996 /* MLNavigationController.m in Sources */,
				278377C01A20C51600C29996 /* MLCustomTableViewController.m in Sources */,
				AAA780F11A25C4A100E2E295 /* UINavigationController+MLCustomConfiguration.m in Sources */,
				2783778D1A20B7B400C29996 /* MLTableViewCell.m in Sources */,
				27D7EB731AC83544007024AA /* MLEventEntity.m in Sources */,
				AA66372A1ADD30F6000D3BB4 /* MLCenterViewController.m in Sources */,
				278377D41A20ECE800C29996 /* MLCustomCollectionViewCell.m in Sources */,
				278377721A20B7B400C29996 /* main.m in Sources */,
				27709B2E1AC82E9C00F3D29C /* MLFetchedCollectionViewController.m in Sources */,
				AAA780FD1A25F28D00E2E295 /* MLContactsTableViewController.m in Sources */,
				278377BB1A20BB7400C29996 /* MLMainTableViewController.m in Sources */,
				278377C61A20C5B300C29996 /* MLCustomViewController.m in Sources */,
				276CA8681AC0DF95002A90B3 /* MLLoadableCollectionViewController.m in Sources */,
				276CA8621AC0DF54002A90B3 /* MLLoadableTableViewController.m in Sources */,
				27251AE01ABF5D80004C1743 /* MLLoadableContent.m in Sources */,
				27251AD91ABEFBAB004C1743 /* MLLoadingTableViewCell.m in Sources */,
				27709B281AC82C7800F3D29C /* MLFetchedTableViewController.m in Sources */,
				27709B251AC82C5800F3D29C /* MLArrayTableViewController.m in Sources */,
				27E2E79C1ACB27BB00EA2DFF /* MLCollectionViewFlowLayout.m in Sources */,
				277808CA1AAB28A600D4C410 /* MLContactCollectionViewCell.m in Sources */,
				277808C41AAB1D2100D4C410 /* MLUniformFlowLayout.m in Sources */,
			);
			runOnlyForDeploymentPostprocessing = 0;
		};
		27E36EDC1AD7F66600C7B984 /* Sources */ = {
			isa = PBXSourcesBuildPhase;
			buildActionMask = 2147483647;
			files = (
				27E36EEA1AD7F67900C7B984 /* MLAsynchronousOperation.m in Sources */,
				27E36EE91AD7F67400C7B984 /* MLOperation.m in Sources */,
				27E36EEB1AD7F67E00C7B984 /* MLBlockOperation.m in Sources */,
				27E36EEF1AD7F78D00C7B984 /* MLOperationTestCase.m in Sources */,
			);
			runOnlyForDeploymentPostprocessing = 0;
		};
/* End PBXSourcesBuildPhase section */

/* Begin PBXVariantGroup section */
		2783776E1A20B7B400C29996 /* InfoPlist.strings */ = {
			isa = PBXVariantGroup;
			children = (
				2783776F1A20B7B400C29996 /* en */,
			);
			name = InfoPlist.strings;
			sourceTree = "<group>";
		};
/* End PBXVariantGroup section */

/* Begin XCBuildConfiguration section */
		278377A11A20B7B400C29996 /* Debug */ = {
			isa = XCBuildConfiguration;
			buildSettings = {
				ALWAYS_SEARCH_USER_PATHS = NO;
				CLANG_CXX_LANGUAGE_STANDARD = "gnu++0x";
				CLANG_CXX_LIBRARY = "libc++";
				CLANG_ENABLE_MODULES = YES;
				CLANG_ENABLE_OBJC_ARC = YES;
				CLANG_WARN_BOOL_CONVERSION = YES;
				CLANG_WARN_CONSTANT_CONVERSION = YES;
				CLANG_WARN_DIRECT_OBJC_ISA_USAGE = YES_ERROR;
				CLANG_WARN_EMPTY_BODY = YES;
				CLANG_WARN_ENUM_CONVERSION = YES;
				CLANG_WARN_INT_CONVERSION = YES;
				CLANG_WARN_OBJC_ROOT_CLASS = YES_ERROR;
				CLANG_WARN__DUPLICATE_METHOD_MATCH = YES;
				COPY_PHASE_STRIP = NO;
				GCC_C_LANGUAGE_STANDARD = gnu99;
				GCC_DYNAMIC_NO_PIC = NO;
				GCC_OPTIMIZATION_LEVEL = 0;
				GCC_PREPROCESSOR_DEFINITIONS = (
					"DEBUG=1",
					"$(inherited)",
				);
				GCC_SYMBOLS_PRIVATE_EXTERN = NO;
				GCC_WARN_64_TO_32_BIT_CONVERSION = YES;
				GCC_WARN_ABOUT_RETURN_TYPE = YES_ERROR;
				GCC_WARN_UNDECLARED_SELECTOR = YES;
				GCC_WARN_UNINITIALIZED_AUTOS = YES_AGGRESSIVE;
				GCC_WARN_UNUSED_FUNCTION = YES;
				GCC_WARN_UNUSED_VARIABLE = YES;
				IPHONEOS_DEPLOYMENT_TARGET = 8.1;
				ONLY_ACTIVE_ARCH = YES;
				SDKROOT = iphoneos;
			};
			name = Debug;
		};
		278377A21A20B7B400C29996 /* Release */ = {
			isa = XCBuildConfiguration;
			buildSettings = {
				ALWAYS_SEARCH_USER_PATHS = NO;
				CLANG_CXX_LANGUAGE_STANDARD = "gnu++0x";
				CLANG_CXX_LIBRARY = "libc++";
				CLANG_ENABLE_MODULES = YES;
				CLANG_ENABLE_OBJC_ARC = YES;
				CLANG_WARN_BOOL_CONVERSION = YES;
				CLANG_WARN_CONSTANT_CONVERSION = YES;
				CLANG_WARN_DIRECT_OBJC_ISA_USAGE = YES_ERROR;
				CLANG_WARN_EMPTY_BODY = YES;
				CLANG_WARN_ENUM_CONVERSION = YES;
				CLANG_WARN_INT_CONVERSION = YES;
				CLANG_WARN_OBJC_ROOT_CLASS = YES_ERROR;
				CLANG_WARN__DUPLICATE_METHOD_MATCH = YES;
				COPY_PHASE_STRIP = YES;
				ENABLE_NS_ASSERTIONS = NO;
				GCC_C_LANGUAGE_STANDARD = gnu99;
				GCC_WARN_64_TO_32_BIT_CONVERSION = YES;
				GCC_WARN_ABOUT_RETURN_TYPE = YES_ERROR;
				GCC_WARN_UNDECLARED_SELECTOR = YES;
				GCC_WARN_UNINITIALIZED_AUTOS = YES_AGGRESSIVE;
				GCC_WARN_UNUSED_FUNCTION = YES;
				GCC_WARN_UNUSED_VARIABLE = YES;
				IPHONEOS_DEPLOYMENT_TARGET = 8.1;
				SDKROOT = iphoneos;
				VALIDATE_PRODUCT = YES;
			};
			name = Release;
		};
		278377A41A20B7B400C29996 /* Debug */ = {
			isa = XCBuildConfiguration;
			baseConfigurationReference = 1C679E83FE33288317C35094 /* Pods.debug.xcconfig */;
			buildSettings = {
				ASSETCATALOG_COMPILER_APPICON_NAME = AppIcon;
				ASSETCATALOG_COMPILER_LAUNCHIMAGE_NAME = LaunchImage;
				GCC_PRECOMPILE_PREFIX_HEADER = YES;
				GCC_PREFIX_HEADER = "ViewControllers/ViewControllers-Prefix.pch";
				INFOPLIST_FILE = "ViewControllers/ViewControllers-Info.plist";
				IPHONEOS_DEPLOYMENT_TARGET = 7.0;
				PRODUCT_NAME = "$(TARGET_NAME)";
				WRAPPER_EXTENSION = app;
			};
			name = Debug;
		};
		278377A51A20B7B400C29996 /* Release */ = {
			isa = XCBuildConfiguration;
			baseConfigurationReference = 3C8F14662890BF7E9EA7B8E7 /* Pods.release.xcconfig */;
			buildSettings = {
				ASSETCATALOG_COMPILER_APPICON_NAME = AppIcon;
				ASSETCATALOG_COMPILER_LAUNCHIMAGE_NAME = LaunchImage;
				GCC_PRECOMPILE_PREFIX_HEADER = YES;
				GCC_PREFIX_HEADER = "ViewControllers/ViewControllers-Prefix.pch";
				INFOPLIST_FILE = "ViewControllers/ViewControllers-Info.plist";
				IPHONEOS_DEPLOYMENT_TARGET = 7.0;
				PRODUCT_NAME = "$(TARGET_NAME)";
				WRAPPER_EXTENSION = app;
			};
			name = Release;
		};
		27E36EE71AD7F66600C7B984 /* Debug */ = {
			isa = XCBuildConfiguration;
			buildSettings = {
				CLANG_WARN_UNREACHABLE_CODE = YES;
				ENABLE_STRICT_OBJC_MSGSEND = YES;
				FRAMEWORK_SEARCH_PATHS = (
					"$(SDKROOT)/Developer/Library/Frameworks",
					"$(inherited)",
				);
				GCC_PREPROCESSOR_DEFINITIONS = (
					"DEBUG=1",
					"$(inherited)",
				);
				INFOPLIST_FILE = ViewControllersTests/Info.plist;
				LD_RUNPATH_SEARCH_PATHS = "$(inherited) @executable_path/Frameworks @loader_path/Frameworks";
				MTL_ENABLE_DEBUG_INFO = YES;
				PRODUCT_NAME = "$(TARGET_NAME)";
			};
			name = Debug;
		};
		27E36EE81AD7F66600C7B984 /* Release */ = {
			isa = XCBuildConfiguration;
			buildSettings = {
				CLANG_WARN_UNREACHABLE_CODE = YES;
				ENABLE_STRICT_OBJC_MSGSEND = YES;
				FRAMEWORK_SEARCH_PATHS = (
					"$(SDKROOT)/Developer/Library/Frameworks",
					"$(inherited)",
				);
				INFOPLIST_FILE = ViewControllersTests/Info.plist;
				LD_RUNPATH_SEARCH_PATHS = "$(inherited) @executable_path/Frameworks @loader_path/Frameworks";
				MTL_ENABLE_DEBUG_INFO = NO;
				PRODUCT_NAME = "$(TARGET_NAME)";
			};
			name = Release;
		};
/* End XCBuildConfiguration section */

/* Begin XCConfigurationList section */
		2783775D1A20B7B400C29996 /* Build configuration list for PBXProject "ViewControllers" */ = {
			isa = XCConfigurationList;
			buildConfigurations = (
				278377A11A20B7B400C29996 /* Debug */,
				278377A21A20B7B400C29996 /* Release */,
			);
			defaultConfigurationIsVisible = 0;
			defaultConfigurationName = Release;
		};
		278377A31A20B7B400C29996 /* Build configuration list for PBXNativeTarget "ViewControllers" */ = {
			isa = XCConfigurationList;
			buildConfigurations = (
				278377A41A20B7B400C29996 /* Debug */,
				278377A51A20B7B400C29996 /* Release */,
			);
			defaultConfigurationIsVisible = 0;
			defaultConfigurationName = Release;
		};
		27E36EE61AD7F66600C7B984 /* Build configuration list for PBXNativeTarget "ViewControllersTests" */ = {
			isa = XCConfigurationList;
			buildConfigurations = (
				27E36EE71AD7F66600C7B984 /* Debug */,
				27E36EE81AD7F66600C7B984 /* Release */,
			);
			defaultConfigurationIsVisible = 0;
			defaultConfigurationName = Release;
		};
/* End XCConfigurationList section */

/* Begin XCVersionGroup section */
		27709B301AC8349700F3D29C /* DataModel.xcdatamodeld */ = {
			isa = XCVersionGroup;
			children = (
				27709B311AC8349700F3D29C /* DataModel.xcdatamodel */,
			);
			currentVersion = 27709B311AC8349700F3D29C /* DataModel.xcdatamodel */;
			path = DataModel.xcdatamodeld;
			sourceTree = "<group>";
			versionGroupType = wrapper.xcdatamodel;
		};
/* End XCVersionGroup section */
	};
	rootObject = 2783775A1A20B7B400C29996 /* Project object */;
}
